
Microsoft Visual Studio Solution File, Format Version 12.00
# Visual Studio Version 16
VisualStudioVersion = 16.0.29418.71
MinimumVisualStudioVersion = 10.0.40219.1
Project("{FAE04EC0-301F-11D3-BF4B-00C04F79EFBC}") = "Containerschip", "Containerschip\Containerschip.csproj", "{B3847CB6-307C-459A-8552-B32803716D5F}"
EndProject
Project("{FAE04EC0-301F-11D3-BF4B-00C04F79EFBC}") = "ContainerschipTest", "ContainerschipTest\ContainerschipTest.csproj", "{BA93BD22-FE9E-4E21-80B7-C994B5241ECC}"
EndProject
Global
	GlobalSection(SolutionConfigurationPlatforms) = preSolution
		Debug|Any CPU = Debug|Any CPU
		Release|Any CPU = Release|Any CPU
	EndGlobalSection
	GlobalSection(ProjectConfigurationPlatforms) = postSolution
		{B3847CB6-307C-459A-8552-B32803716D5F}.Debug|Any CPU.ActiveCfg = Debug|Any CPU
		{B3847CB6-307C-459A-8552-B32803716D5F}.Debug|Any CPU.Build.0 = Debug|Any CPU
		{B3847CB6-307C-459A-8552-B32803716D5F}.Release|Any CPU.ActiveCfg = Release|Any CPU
		{B3847CB6-307C-459A-8552-B32803716D5F}.Release|Any CPU.Build.0 = Release|Any CPU
		{BA93BD22-FE9E-4E21-80B7-C994B5241ECC}.Debug|Any CPU.ActiveCfg = Debug|Any CPU
		{BA93BD22-FE9E-4E21-80B7-C994B5241ECC}.Debug|Any CPU.Build.0 = Debug|Any CPU
		{BA93BD22-FE9E-4E21-80B7-C994B5241ECC}.Release|Any CPU.ActiveCfg = Release|Any CPU
		{BA93BD22-FE9E-4E21-80B7-C994B5241ECC}.Release|Any CPU.Build.0 = Release|Any CPU
	EndGlobalSection
	GlobalSection(SolutionProperties) = preSolution
		HideSolutionNode = FALSE
	EndGlobalSection
	GlobalSection(ExtensibilityGlobals) = postSolution
		SolutionGuid = {B78551C4-5ECB-488E-AA07-B79D06E9F16C}
	EndGlobalSection
EndGlobal
